
Microsoft Visual Studio Solution File, Format Version 12.00
# Visual Studio Version 17
VisualStudioVersion = 17.1.32319.34
MinimumVisualStudioVersion = 10.0.40219.1
Project("{9A19103F-16F7-4668-BE54-9A1E7A4F7556}") = "PracticaEnvioDinero", "PracticaEnvioDinero\PracticaEnvioDinero.csproj", "{FDE41D0E-B0D7-4289-93AD-4E8E91475520}"
EndProject
Project("{FAE04EC0-301F-11D3-BF4B-00C04F79EFBC}") = "Entidades", "Entidades\Entidades.csproj", "{CB9AF90A-47C2-4E67-B391-E2881E692074}"
EndProject
Global
	GlobalSection(SolutionConfigurationPlatforms) = preSolution
		Debug|Any CPU = Debug|Any CPU
		Release|Any CPU = Release|Any CPU
	EndGlobalSection
	GlobalSection(ProjectConfigurationPlatforms) = postSolution
		{FDE41D0E-B0D7-4289-93AD-4E8E91475520}.Debug|Any CPU.ActiveCfg = Debug|Any CPU
		{FDE41D0E-B0D7-4289-93AD-4E8E91475520}.Debug|Any CPU.Build.0 = Debug|Any CPU
		{FDE41D0E-B0D7-4289-93AD-4E8E91475520}.Release|Any CPU.ActiveCfg = Release|Any CPU
		{FDE41D0E-B0D7-4289-93AD-4E8E91475520}.Release|Any CPU.Build.0 = Release|Any CPU
		{CB9AF90A-47C2-4E67-B391-E2881E692074}.Debug|Any CPU.ActiveCfg = Debug|Any CPU
		{CB9AF90A-47C2-4E67-B391-E2881E692074}.Debug|Any CPU.Build.0 = Debug|Any CPU
		{CB9AF90A-47C2-4E67-B391-E2881E692074}.Release|Any CPU.ActiveCfg = Release|Any CPU
		{CB9AF90A-47C2-4E67-B391-E2881E692074}.Release|Any CPU.Build.0 = Release|Any CPU
	EndGlobalSection
	GlobalSection(SolutionProperties) = preSolution
		HideSolutionNode = FALSE
	EndGlobalSection
	GlobalSection(ExtensibilityGlobals) = postSolution
		SolutionGuid = {B8395E54-5537-4A88-9C5F-9271F88650E8}
	EndGlobalSection
EndGlobal
